
Microsoft Visual Studio Solution File, Format Version 12.00
# Visual Studio Version 16
VisualStudioVersion = 16.0.30309.148
MinimumVisualStudioVersion = 10.0.40219.1
Project("{9A19103F-16F7-4668-BE54-9A1E7A4F7556}") = "CryptoTrading.App.Core", "CryptoTrading.App.Core\CryptoTrading.App.Core.csproj", "{298A7C95-7AA3-458F-B664-14E6E0A5335A}"
EndProject
Project("{2150E333-8FDC-42A3-9474-1A3956D46DE8}") = "Binance", "Binance", "{CB9B59BB-DC16-4904-86D4-B54B34B0582E}"
EndProject
Project("{2150E333-8FDC-42A3-9474-1A3956D46DE8}") = "Indicators", "Indicators", "{58B8D20B-EFCE-4360-8FDF-FF835D932C76}"
EndProject
Project("{9A19103F-16F7-4668-BE54-9A1E7A4F7556}") = "Binance", "Binance\Binance.csproj", "{C402DEBD-AA33-4BE5-B433-2A79AB353127}"
EndProject
Project("{9A19103F-16F7-4668-BE54-9A1E7A4F7556}") = "Tulip.NETCore", "Indicators\Tulip.NETCore.csproj", "{DD384E8F-60A8-4B5E-A6C5-16DFCB182E39}"
EndProject
Project("{9A19103F-16F7-4668-BE54-9A1E7A4F7556}") = "IndicatorsTest", "IndicatorsTest\IndicatorsTest.csproj", "{E463A148-BF2F-4EB7-B985-8AE02FF366F9}"
EndProject
Project("{FAE04EC0-301F-11D3-BF4B-00C04F79EFBC}") = "CryptoTrading.App.MarketData", "CryptoTrading.App.MarketData\CryptoTrading.App.MarketData.csproj", "{A6EF7084-8A1D-466A-AA67-426E5B1ED0A9}"
EndProject
Project("{FAE04EC0-301F-11D3-BF4B-00C04F79EFBC}") = "CryptoTrading.App.MarketDataTesting", "CryptoTrading.App.MarketDataTesting\CryptoTrading.App.MarketDataTesting.csproj", "{4CDDC07C-6706-481D-BA79-56C4A623039D}"
EndProject
Project("{2150E333-8FDC-42A3-9474-1A3956D46DE8}") = "Samples", "Samples", "{6ABC3CC6-1666-4576-A2B3-CF75CECC4700}"
EndProject
Project("{9A19103F-16F7-4668-BE54-9A1E7A4F7556}") = "BinancePriceChart", "Samples\BinancePriceChart\BinancePriceChart.csproj", "{CAAF83ED-D163-46ED-B830-172FA8D549B1}"
EndProject
Project("{9A19103F-16F7-4668-BE54-9A1E7A4F7556}") = "Binance.Application", "Samples\Binance.Application\Binance.Application.csproj", "{D68F6F38-235B-4108-8B47-31FECF9C2999}"
EndProject
Project("{9A19103F-16F7-4668-BE54-9A1E7A4F7556}") = "Binance.WebSocket.WebSocket4Net", "Samples\Binance.WebSocket.WebSocket4Net\Binance.WebSocket.WebSocket4Net.csproj", "{9750ADB3-A389-42B4-8611-10DFA2DC1BDF}"
EndProject
Project("{9A19103F-16F7-4668-BE54-9A1E7A4F7556}") = "Binance.WebSocket.WebSocketSharp", "Samples\Binance.WebSocket.WebSocketSharp\Binance.WebSocket.WebSocketSharp.csproj", "{ED2559A6-A53A-4CB3-BDC7-83F3F0B199E8}"
EndProject
Project("{9A19103F-16F7-4668-BE54-9A1E7A4F7556}") = "Binance24HourStatistics", "Samples\Binance24HourStatistics\Binance24HourStatistics.csproj", "{3E04A7F0-3954-4129-A5FE-873C8601286C}"
EndProject
Project("{9A19103F-16F7-4668-BE54-9A1E7A4F7556}") = "BinanceCodeGenerator", "Samples\BinanceCodeGenerator\BinanceCodeGenerator.csproj", "{B895DFA5-817C-4BF1-883E-56866AF31F73}"
EndProject
Project("{9A19103F-16F7-4668-BE54-9A1E7A4F7556}") = "BinanceMarketDepth", "Samples\BinanceMarketDepth\BinanceMarketDepth.csproj", "{3822E6BE-DE2B-4202-AC47-CD50F47F84FA}"
EndProject
Project("{9A19103F-16F7-4668-BE54-9A1E7A4F7556}") = "BinanceTradeHistory", "Samples\BinanceTradeHistory\BinanceTradeHistory.csproj", "{D1D098FD-393D-462D-8388-33BB54170212}"
EndProject
Project("{9A19103F-16F7-4668-BE54-9A1E7A4F7556}") = "BinanceConsoleApp", "Samples\BinanceConsoleApp\BinanceConsoleApp.csproj", "{29FDB72E-6E2A-4CF7-B167-B979A5845345}"
EndProject
Global
	GlobalSection(SolutionConfigurationPlatforms) = preSolution
		Debug|Any CPU = Debug|Any CPU
		Release|Any CPU = Release|Any CPU
	EndGlobalSection
	GlobalSection(ProjectConfigurationPlatforms) = postSolution
		{298A7C95-7AA3-458F-B664-14E6E0A5335A}.Debug|Any CPU.ActiveCfg = Debug|Any CPU
		{298A7C95-7AA3-458F-B664-14E6E0A5335A}.Debug|Any CPU.Build.0 = Debug|Any CPU
		{298A7C95-7AA3-458F-B664-14E6E0A5335A}.Release|Any CPU.ActiveCfg = Release|Any CPU
		{298A7C95-7AA3-458F-B664-14E6E0A5335A}.Release|Any CPU.Build.0 = Release|Any CPU
		{C402DEBD-AA33-4BE5-B433-2A79AB353127}.Debug|Any CPU.ActiveCfg = Debug|Any CPU
		{C402DEBD-AA33-4BE5-B433-2A79AB353127}.Debug|Any CPU.Build.0 = Debug|Any CPU
		{C402DEBD-AA33-4BE5-B433-2A79AB353127}.Release|Any CPU.ActiveCfg = Release|Any CPU
		{C402DEBD-AA33-4BE5-B433-2A79AB353127}.Release|Any CPU.Build.0 = Release|Any CPU
		{DD384E8F-60A8-4B5E-A6C5-16DFCB182E39}.Debug|Any CPU.ActiveCfg = Debug|Any CPU
		{DD384E8F-60A8-4B5E-A6C5-16DFCB182E39}.Debug|Any CPU.Build.0 = Debug|Any CPU
		{DD384E8F-60A8-4B5E-A6C5-16DFCB182E39}.Release|Any CPU.ActiveCfg = Release|Any CPU
		{DD384E8F-60A8-4B5E-A6C5-16DFCB182E39}.Release|Any CPU.Build.0 = Release|Any CPU
		{E463A148-BF2F-4EB7-B985-8AE02FF366F9}.Debug|Any CPU.ActiveCfg = Debug|Any CPU
		{E463A148-BF2F-4EB7-B985-8AE02FF366F9}.Debug|Any CPU.Build.0 = Debug|Any CPU
		{E463A148-BF2F-4EB7-B985-8AE02FF366F9}.Release|Any CPU.ActiveCfg = Release|Any CPU
		{E463A148-BF2F-4EB7-B985-8AE02FF366F9}.Release|Any CPU.Build.0 = Release|Any CPU
		{A6EF7084-8A1D-466A-AA67-426E5B1ED0A9}.Debug|Any CPU.ActiveCfg = Debug|Any CPU
		{A6EF7084-8A1D-466A-AA67-426E5B1ED0A9}.Debug|Any CPU.Build.0 = Debug|Any CPU
		{A6EF7084-8A1D-466A-AA67-426E5B1ED0A9}.Release|Any CPU.ActiveCfg = Release|Any CPU
		{A6EF7084-8A1D-466A-AA67-426E5B1ED0A9}.Release|Any CPU.Build.0 = Release|Any CPU
		{4CDDC07C-6706-481D-BA79-56C4A623039D}.Debug|Any CPU.ActiveCfg = Debug|Any CPU
		{4CDDC07C-6706-481D-BA79-56C4A623039D}.Debug|Any CPU.Build.0 = Debug|Any CPU
		{4CDDC07C-6706-481D-BA79-56C4A623039D}.Release|Any CPU.ActiveCfg = Release|Any CPU
		{4CDDC07C-6706-481D-BA79-56C4A623039D}.Release|Any CPU.Build.0 = Release|Any CPU
		{CAAF83ED-D163-46ED-B830-172FA8D549B1}.Debug|Any CPU.ActiveCfg = Debug|Any CPU
		{CAAF83ED-D163-46ED-B830-172FA8D549B1}.Debug|Any CPU.Build.0 = Debug|Any CPU
		{CAAF83ED-D163-46ED-B830-172FA8D549B1}.Release|Any CPU.ActiveCfg = Release|Any CPU
		{CAAF83ED-D163-46ED-B830-172FA8D549B1}.Release|Any CPU.Build.0 = Release|Any CPU
		{D68F6F38-235B-4108-8B47-31FECF9C2999}.Debug|Any CPU.ActiveCfg = Debug|Any CPU
		{D68F6F38-235B-4108-8B47-31FECF9C2999}.Debug|Any CPU.Build.0 = Debug|Any CPU
		{D68F6F38-235B-4108-8B47-31FECF9C2999}.Release|Any CPU.ActiveCfg = Release|Any CPU
		{D68F6F38-235B-4108-8B47-31FECF9C2999}.Release|Any CPU.Build.0 = Release|Any CPU
		{9750ADB3-A389-42B4-8611-10DFA2DC1BDF}.Debug|Any CPU.ActiveCfg = Debug|Any CPU
		{9750ADB3-A389-42B4-8611-10DFA2DC1BDF}.Debug|Any CPU.Build.0 = Debug|Any CPU
		{9750ADB3-A389-42B4-8611-10DFA2DC1BDF}.Release|Any CPU.ActiveCfg = Release|Any CPU
		{9750ADB3-A389-42B4-8611-10DFA2DC1BDF}.Release|Any CPU.Build.0 = Release|Any CPU
		{ED2559A6-A53A-4CB3-BDC7-83F3F0B199E8}.Debug|Any CPU.ActiveCfg = Debug|Any CPU
		{ED2559A6-A53A-4CB3-BDC7-83F3F0B199E8}.Debug|Any CPU.Build.0 = Debug|Any CPU
		{ED2559A6-A53A-4CB3-BDC7-83F3F0B199E8}.Release|Any CPU.ActiveCfg = Release|Any CPU
		{ED2559A6-A53A-4CB3-BDC7-83F3F0B199E8}.Release|Any CPU.Build.0 = Release|Any CPU
		{3E04A7F0-3954-4129-A5FE-873C8601286C}.Debug|Any CPU.ActiveCfg = Debug|Any CPU
		{3E04A7F0-3954-4129-A5FE-873C8601286C}.Debug|Any CPU.Build.0 = Debug|Any CPU
		{3E04A7F0-3954-4129-A5FE-873C8601286C}.Release|Any CPU.ActiveCfg = Release|Any CPU
		{3E04A7F0-3954-4129-A5FE-873C8601286C}.Release|Any CPU.Build.0 = Release|Any CPU
		{B895DFA5-817C-4BF1-883E-56866AF31F73}.Debug|Any CPU.ActiveCfg = Debug|Any CPU
		{B895DFA5-817C-4BF1-883E-56866AF31F73}.Debug|Any CPU.Build.0 = Debug|Any CPU
		{B895DFA5-817C-4BF1-883E-56866AF31F73}.Release|Any CPU.ActiveCfg = Release|Any CPU
		{B895DFA5-817C-4BF1-883E-56866AF31F73}.Release|Any CPU.Build.0 = Release|Any CPU
		{3822E6BE-DE2B-4202-AC47-CD50F47F84FA}.Debug|Any CPU.ActiveCfg = Debug|Any CPU
		{3822E6BE-DE2B-4202-AC47-CD50F47F84FA}.Debug|Any CPU.Build.0 = Debug|Any CPU
		{3822E6BE-DE2B-4202-AC47-CD50F47F84FA}.Release|Any CPU.ActiveCfg = Release|Any CPU
		{3822E6BE-DE2B-4202-AC47-CD50F47F84FA}.Release|Any CPU.Build.0 = Release|Any CPU
		{D1D098FD-393D-462D-8388-33BB54170212}.Debug|Any CPU.ActiveCfg = Debug|Any CPU
		{D1D098FD-393D-462D-8388-33BB54170212}.Debug|Any CPU.Build.0 = Debug|Any CPU
		{D1D098FD-393D-462D-8388-33BB54170212}.Release|Any CPU.ActiveCfg = Release|Any CPU
		{D1D098FD-393D-462D-8388-33BB54170212}.Release|Any CPU.Build.0 = Release|Any CPU
		{29FDB72E-6E2A-4CF7-B167-B979A5845345}.Debug|Any CPU.ActiveCfg = Debug|Any CPU
		{29FDB72E-6E2A-4CF7-B167-B979A5845345}.Debug|Any CPU.Build.0 = Debug|Any CPU
		{29FDB72E-6E2A-4CF7-B167-B979A5845345}.Release|Any CPU.ActiveCfg = Release|Any CPU
		{29FDB72E-6E2A-4CF7-B167-B979A5845345}.Release|Any CPU.Build.0 = Release|Any CPU
	EndGlobalSection
	GlobalSection(SolutionProperties) = preSolution
		HideSolutionNode = FALSE
	EndGlobalSection
	GlobalSection(NestedProjects) = preSolution
		{C402DEBD-AA33-4BE5-B433-2A79AB353127} = {CB9B59BB-DC16-4904-86D4-B54B34B0582E}
		{DD384E8F-60A8-4B5E-A6C5-16DFCB182E39} = {58B8D20B-EFCE-4360-8FDF-FF835D932C76}
		{E463A148-BF2F-4EB7-B985-8AE02FF366F9} = {58B8D20B-EFCE-4360-8FDF-FF835D932C76}
		{6ABC3CC6-1666-4576-A2B3-CF75CECC4700} = {CB9B59BB-DC16-4904-86D4-B54B34B0582E}
		{CAAF83ED-D163-46ED-B830-172FA8D549B1} = {6ABC3CC6-1666-4576-A2B3-CF75CECC4700}
		{D68F6F38-235B-4108-8B47-31FECF9C2999} = {6ABC3CC6-1666-4576-A2B3-CF75CECC4700}
		{9750ADB3-A389-42B4-8611-10DFA2DC1BDF} = {6ABC3CC6-1666-4576-A2B3-CF75CECC4700}
		{ED2559A6-A53A-4CB3-BDC7-83F3F0B199E8} = {6ABC3CC6-1666-4576-A2B3-CF75CECC4700}
		{3E04A7F0-3954-4129-A5FE-873C8601286C} = {6ABC3CC6-1666-4576-A2B3-CF75CECC4700}
		{B895DFA5-817C-4BF1-883E-56866AF31F73} = {6ABC3CC6-1666-4576-A2B3-CF75CECC4700}
		{3822E6BE-DE2B-4202-AC47-CD50F47F84FA} = {6ABC3CC6-1666-4576-A2B3-CF75CECC4700}
		{D1D098FD-393D-462D-8388-33BB54170212} = {6ABC3CC6-1666-4576-A2B3-CF75CECC4700}
		{29FDB72E-6E2A-4CF7-B167-B979A5845345} = {6ABC3CC6-1666-4576-A2B3-CF75CECC4700}
	EndGlobalSection
	GlobalSection(ExtensibilityGlobals) = postSolution
		SolutionGuid = {657F2AA5-BF55-41F9-996F-48DDC1FBAA71}
	EndGlobalSection
EndGlobal
