
Microsoft Visual Studio Solution File, Format Version 12.00
# Visual Studio Version 16
VisualStudioVersion = 16.0.30309.148
MinimumVisualStudioVersion = 10.0.40219.1
Project("{FAE04EC0-301F-11D3-BF4B-00C04F79EFBC}") = "CryptoTrading.App.Core", "CryptoTrading.App.Core\CryptoTrading.App.Core.csproj", "{298A7C95-7AA3-458F-B664-14E6E0A5335A}"
EndProject
Project("{2150E333-8FDC-42A3-9474-1A3956D46DE8}") = "Binance", "Binance", "{CB9B59BB-DC16-4904-86D4-B54B34B0582E}"
EndProject
Project("{2150E333-8FDC-42A3-9474-1A3956D46DE8}") = "Indicators", "Indicators", "{58B8D20B-EFCE-4360-8FDF-FF835D932C76}"
EndProject
Project("{9A19103F-16F7-4668-BE54-9A1E7A4F7556}") = "Binance", "Binance\Binance.csproj", "{C402DEBD-AA33-4BE5-B433-2A79AB353127}"
EndProject
Project("{9A19103F-16F7-4668-BE54-9A1E7A4F7556}") = "Tulip.NETCore", "Indicators\Tulip.NETCore.csproj", "{DD384E8F-60A8-4B5E-A6C5-16DFCB182E39}"
EndProject
Global
	GlobalSection(SolutionConfigurationPlatforms) = preSolution
		Debug|Any CPU = Debug|Any CPU
		Release|Any CPU = Release|Any CPU
	EndGlobalSection
	GlobalSection(ProjectConfigurationPlatforms) = postSolution
		{298A7C95-7AA3-458F-B664-14E6E0A5335A}.Debug|Any CPU.ActiveCfg = Debug|Any CPU
		{298A7C95-7AA3-458F-B664-14E6E0A5335A}.Debug|Any CPU.Build.0 = Debug|Any CPU
		{298A7C95-7AA3-458F-B664-14E6E0A5335A}.Release|Any CPU.ActiveCfg = Release|Any CPU
		{298A7C95-7AA3-458F-B664-14E6E0A5335A}.Release|Any CPU.Build.0 = Release|Any CPU
		{C402DEBD-AA33-4BE5-B433-2A79AB353127}.Debug|Any CPU.ActiveCfg = Debug|Any CPU
		{C402DEBD-AA33-4BE5-B433-2A79AB353127}.Debug|Any CPU.Build.0 = Debug|Any CPU
		{C402DEBD-AA33-4BE5-B433-2A79AB353127}.Release|Any CPU.ActiveCfg = Release|Any CPU
		{C402DEBD-AA33-4BE5-B433-2A79AB353127}.Release|Any CPU.Build.0 = Release|Any CPU
		{DD384E8F-60A8-4B5E-A6C5-16DFCB182E39}.Debug|Any CPU.ActiveCfg = Debug|Any CPU
		{DD384E8F-60A8-4B5E-A6C5-16DFCB182E39}.Debug|Any CPU.Build.0 = Debug|Any CPU
		{DD384E8F-60A8-4B5E-A6C5-16DFCB182E39}.Release|Any CPU.ActiveCfg = Release|Any CPU
		{DD384E8F-60A8-4B5E-A6C5-16DFCB182E39}.Release|Any CPU.Build.0 = Release|Any CPU
	EndGlobalSection
	GlobalSection(SolutionProperties) = preSolution
		HideSolutionNode = FALSE
	EndGlobalSection
	GlobalSection(NestedProjects) = preSolution
		{C402DEBD-AA33-4BE5-B433-2A79AB353127} = {CB9B59BB-DC16-4904-86D4-B54B34B0582E}
		{DD384E8F-60A8-4B5E-A6C5-16DFCB182E39} = {58B8D20B-EFCE-4360-8FDF-FF835D932C76}
	EndGlobalSection
	GlobalSection(ExtensibilityGlobals) = postSolution
		SolutionGuid = {657F2AA5-BF55-41F9-996F-48DDC1FBAA71}
	EndGlobalSection
EndGlobal
