
Microsoft Visual Studio Solution File, Format Version 12.00
# Visual Studio Version 17
VisualStudioVersion = 17.0.31912.275
MinimumVisualStudioVersion = 10.0.40219.1
Project("{9A19103F-16F7-4668-BE54-9A1E7A4F7556}") = "CryptoTrading.App.Core", "CryptoTrading.App.Core\CryptoTrading.App.Core.csproj", "{298A7C95-7AA3-458F-B664-14E6E0A5335A}"
EndProject
Project("{2150E333-8FDC-42A3-9474-1A3956D46DE8}") = "Binance", "Binance", "{CB9B59BB-DC16-4904-86D4-B54B34B0582E}"
EndProject
Project("{2150E333-8FDC-42A3-9474-1A3956D46DE8}") = "Indicators", "Indicators", "{58B8D20B-EFCE-4360-8FDF-FF835D932C76}"
EndProject
Project("{9A19103F-16F7-4668-BE54-9A1E7A4F7556}") = "Binance", "Binance\Binance.csproj", "{C402DEBD-AA33-4BE5-B433-2A79AB353127}"
EndProject
Project("{9A19103F-16F7-4668-BE54-9A1E7A4F7556}") = "Tulip.NETCore", "Indicators\Tulip.NETCore.csproj", "{DD384E8F-60A8-4B5E-A6C5-16DFCB182E39}"
EndProject
Project("{9A19103F-16F7-4668-BE54-9A1E7A4F7556}") = "IndicatorsTest", "IndicatorsTest\IndicatorsTest.csproj", "{E463A148-BF2F-4EB7-B985-8AE02FF366F9}"
EndProject
Project("{9A19103F-16F7-4668-BE54-9A1E7A4F7556}") = "CryptoTrading.App.MarketData", "CryptoTrading.App.MarketData\CryptoTrading.App.MarketData.csproj", "{A6EF7084-8A1D-466A-AA67-426E5B1ED0A9}"
EndProject
Project("{9A19103F-16F7-4668-BE54-9A1E7A4F7556}") = "CryptoTrading.App.MarketDataTesting", "CryptoTrading.App.MarketDataTesting\CryptoTrading.App.MarketDataTesting.csproj", "{4CDDC07C-6706-481D-BA79-56C4A623039D}"
EndProject
Project("{2150E333-8FDC-42A3-9474-1A3956D46DE8}") = "Samples", "Samples", "{6ABC3CC6-1666-4576-A2B3-CF75CECC4700}"
EndProject
Project("{9A19103F-16F7-4668-BE54-9A1E7A4F7556}") = "BinancePriceChart", "Samples\BinancePriceChart\BinancePriceChart.csproj", "{CAAF83ED-D163-46ED-B830-172FA8D549B1}"
EndProject
Project("{9A19103F-16F7-4668-BE54-9A1E7A4F7556}") = "Binance.Application", "Samples\Binance.Application\Binance.Application.csproj", "{D68F6F38-235B-4108-8B47-31FECF9C2999}"
EndProject
Project("{9A19103F-16F7-4668-BE54-9A1E7A4F7556}") = "Binance.WebSocket.WebSocket4Net", "Samples\Binance.WebSocket.WebSocket4Net\Binance.WebSocket.WebSocket4Net.csproj", "{9750ADB3-A389-42B4-8611-10DFA2DC1BDF}"
EndProject
Project("{9A19103F-16F7-4668-BE54-9A1E7A4F7556}") = "Binance.WebSocket.WebSocketSharp", "Samples\Binance.WebSocket.WebSocketSharp\Binance.WebSocket.WebSocketSharp.csproj", "{ED2559A6-A53A-4CB3-BDC7-83F3F0B199E8}"
EndProject
Project("{9A19103F-16F7-4668-BE54-9A1E7A4F7556}") = "Binance24HourStatistics", "Samples\Binance24HourStatistics\Binance24HourStatistics.csproj", "{3E04A7F0-3954-4129-A5FE-873C8601286C}"
EndProject
Project("{9A19103F-16F7-4668-BE54-9A1E7A4F7556}") = "BinanceCodeGenerator", "Samples\BinanceCodeGenerator\BinanceCodeGenerator.csproj", "{B895DFA5-817C-4BF1-883E-56866AF31F73}"
EndProject
Project("{9A19103F-16F7-4668-BE54-9A1E7A4F7556}") = "BinanceMarketDepth", "Samples\BinanceMarketDepth\BinanceMarketDepth.csproj", "{3822E6BE-DE2B-4202-AC47-CD50F47F84FA}"
EndProject
Project("{9A19103F-16F7-4668-BE54-9A1E7A4F7556}") = "BinanceTradeHistory", "Samples\BinanceTradeHistory\BinanceTradeHistory.csproj", "{D1D098FD-393D-462D-8388-33BB54170212}"
EndProject
Project("{9A19103F-16F7-4668-BE54-9A1E7A4F7556}") = "BinanceConsoleApp", "Samples\BinanceConsoleApp\BinanceConsoleApp.csproj", "{29FDB72E-6E2A-4CF7-B167-B979A5845345}"
EndProject
Project("{9A19103F-16F7-4668-BE54-9A1E7A4F7556}") = "CryptoTrading.App.Algorithm", "CryptoTrading.App.Algorthm\CryptoTrading.App.Algorithm.csproj", "{A0F0B10D-FD51-4021-B6E7-F8C4B61B7391}"
EndProject
Project("{9A19103F-16F7-4668-BE54-9A1E7A4F7556}") = "CryptoTrading.App.Process", "CryptoTrading.App.Process\CryptoTrading.App.Process.csproj", "{A8F43646-F731-4696-A131-B8D338093C7B}"
EndProject
Project("{9A19103F-16F7-4668-BE54-9A1E7A4F7556}") = "CryptoTrading.App.Broker", "CryptoTrading.App.Broker\CryptoTrading.App.Broker.csproj", "{AFD0F356-5765-44AA-BEC1-240239C877D1}"
EndProject
Project("{9A19103F-16F7-4668-BE54-9A1E7A4F7556}") = "CryptoTrading.App.AlgorthmTesting", "CryptoTrading.App.AlgorthmTesting\CryptoTrading.App.AlgorthmTesting.csproj", "{F317320C-B476-453E-9C1F-5788ADFC82EB}"
EndProject
Project("{2150E333-8FDC-42A3-9474-1A3956D46DE8}") = "TestingProjects", "TestingProjects", "{B2181431-DFC1-43FE-9F79-82AFAD929091}"
EndProject
Project("{9A19103F-16F7-4668-BE54-9A1E7A4F7556}") = "CryptoTrading.App.BrokerTesting", "CryptoTrading.App.BrokerTesting\CryptoTrading.App.BrokerTesting.csproj", "{B7AFD8CB-F0D8-4AEA-A8BC-A8B38484E2FF}"
EndProject
Project("{9A19103F-16F7-4668-BE54-9A1E7A4F7556}") = "CryptoTrading.App.BackTesting", "ConsoleApp1\CryptoTrading.App.BackTesting.csproj", "{5AAAABFE-8492-4FF4-AFA3-8E1F80393528}"
EndProject
Project("{9A19103F-16F7-4668-BE54-9A1E7A4F7556}") = "CryptoTrading.App.Monitor", "CryptoTrading.App.TradeMonitor\CryptoTrading.App.Monitor.csproj", "{D76855C6-77CE-4D07-8C28-BB6101B6D785}"
EndProject
Project("{9A19103F-16F7-4668-BE54-9A1E7A4F7556}") = "CryptoTrading.App.DatabaseLoad", "CryptoTrading.App.DatabaseLoad\CryptoTrading.App.DatabaseLoad.csproj", "{A22CDF3E-4B81-49CB-A258-AB4DCDEB52F8}"
EndProject
Project("{2150E333-8FDC-42A3-9474-1A3956D46DE8}") = "DatabaseProjects", "DatabaseProjects", "{BC6244DE-A148-4BD8-8D67-AE92C6CADA60}"
EndProject
Project("{9A19103F-16F7-4668-BE54-9A1E7A4F7556}") = "CryptoTraading.App.RunIndicators", "CryptoTraading.App.RunIndicators\CryptoTraading.App.RunIndicators.csproj", "{3544D0F2-71C1-4D01-B01E-03C1331F5E05}"
EndProject
Project("{9A19103F-16F7-4668-BE54-9A1E7A4F7556}") = "CryptoTrading.App.ObjectTesting", "CryptoTrading.App.ObjectTesting\CryptoTrading.App.ObjectTesting.csproj", "{EFE66F3A-240D-42DB-965C-70888BB67629}"
EndProject
Project("{9A19103F-16F7-4668-BE54-9A1E7A4F7556}") = "CryptoTrading.App.Calibration", "CryptoTrading.App.Calibration\CryptoTrading.App.Calibration.csproj", "{6A70FB0A-9F57-494A-BBF6-B02344CDA90D}"
EndProject
Project("{FAE04EC0-301F-11D3-BF4B-00C04F79EFBC}") = "CryptoTrading.App.MarketDataValidation", "CryptoTrading.App.MarketDataValidation\CryptoTrading.App.MarketDataValidation.csproj", "{F9A47760-BBE4-475C-8296-4A58926A0565}"
EndProject
Project("{FAE04EC0-301F-11D3-BF4B-00C04F79EFBC}") = "CryptoTrading.App", "CryptoTrading.App\CryptoTrading.App.csproj", "{CBF5848D-51CA-497E-1654-2F1549568805}"
EndProject
Global
	GlobalSection(SolutionConfigurationPlatforms) = preSolution
		Debug|Any CPU = Debug|Any CPU
		Debug|x64 = Debug|x64
		Release|Any CPU = Release|Any CPU
		Release|x64 = Release|x64
	EndGlobalSection
	GlobalSection(ProjectConfigurationPlatforms) = postSolution
		{298A7C95-7AA3-458F-B664-14E6E0A5335A}.Debug|Any CPU.ActiveCfg = Debug|Any CPU
		{298A7C95-7AA3-458F-B664-14E6E0A5335A}.Debug|Any CPU.Build.0 = Debug|Any CPU
		{298A7C95-7AA3-458F-B664-14E6E0A5335A}.Debug|x64.ActiveCfg = Debug|x64
		{298A7C95-7AA3-458F-B664-14E6E0A5335A}.Debug|x64.Build.0 = Debug|x64
		{298A7C95-7AA3-458F-B664-14E6E0A5335A}.Release|Any CPU.ActiveCfg = Release|Any CPU
		{298A7C95-7AA3-458F-B664-14E6E0A5335A}.Release|Any CPU.Build.0 = Release|Any CPU
		{298A7C95-7AA3-458F-B664-14E6E0A5335A}.Release|x64.ActiveCfg = Release|x64
		{298A7C95-7AA3-458F-B664-14E6E0A5335A}.Release|x64.Build.0 = Release|x64
		{C402DEBD-AA33-4BE5-B433-2A79AB353127}.Debug|Any CPU.ActiveCfg = Debug|Any CPU
		{C402DEBD-AA33-4BE5-B433-2A79AB353127}.Debug|Any CPU.Build.0 = Debug|Any CPU
		{C402DEBD-AA33-4BE5-B433-2A79AB353127}.Debug|x64.ActiveCfg = Debug|x64
		{C402DEBD-AA33-4BE5-B433-2A79AB353127}.Debug|x64.Build.0 = Debug|x64
		{C402DEBD-AA33-4BE5-B433-2A79AB353127}.Release|Any CPU.ActiveCfg = Release|Any CPU
		{C402DEBD-AA33-4BE5-B433-2A79AB353127}.Release|Any CPU.Build.0 = Release|Any CPU
		{C402DEBD-AA33-4BE5-B433-2A79AB353127}.Release|x64.ActiveCfg = Release|x64
		{C402DEBD-AA33-4BE5-B433-2A79AB353127}.Release|x64.Build.0 = Release|x64
		{DD384E8F-60A8-4B5E-A6C5-16DFCB182E39}.Debug|Any CPU.ActiveCfg = Debug|Any CPU
		{DD384E8F-60A8-4B5E-A6C5-16DFCB182E39}.Debug|Any CPU.Build.0 = Debug|Any CPU
		{DD384E8F-60A8-4B5E-A6C5-16DFCB182E39}.Debug|x64.ActiveCfg = Debug|x64
		{DD384E8F-60A8-4B5E-A6C5-16DFCB182E39}.Debug|x64.Build.0 = Debug|x64
		{DD384E8F-60A8-4B5E-A6C5-16DFCB182E39}.Release|Any CPU.ActiveCfg = Release|Any CPU
		{DD384E8F-60A8-4B5E-A6C5-16DFCB182E39}.Release|Any CPU.Build.0 = Release|Any CPU
		{DD384E8F-60A8-4B5E-A6C5-16DFCB182E39}.Release|x64.ActiveCfg = Release|x64
		{DD384E8F-60A8-4B5E-A6C5-16DFCB182E39}.Release|x64.Build.0 = Release|x64
		{E463A148-BF2F-4EB7-B985-8AE02FF366F9}.Debug|Any CPU.ActiveCfg = Debug|Any CPU
		{E463A148-BF2F-4EB7-B985-8AE02FF366F9}.Debug|Any CPU.Build.0 = Debug|Any CPU
		{E463A148-BF2F-4EB7-B985-8AE02FF366F9}.Debug|x64.ActiveCfg = Debug|x64
		{E463A148-BF2F-4EB7-B985-8AE02FF366F9}.Debug|x64.Build.0 = Debug|x64
		{E463A148-BF2F-4EB7-B985-8AE02FF366F9}.Release|Any CPU.ActiveCfg = Release|Any CPU
		{E463A148-BF2F-4EB7-B985-8AE02FF366F9}.Release|Any CPU.Build.0 = Release|Any CPU
		{E463A148-BF2F-4EB7-B985-8AE02FF366F9}.Release|x64.ActiveCfg = Release|x64
		{E463A148-BF2F-4EB7-B985-8AE02FF366F9}.Release|x64.Build.0 = Release|x64
		{A6EF7084-8A1D-466A-AA67-426E5B1ED0A9}.Debug|Any CPU.ActiveCfg = Debug|Any CPU
		{A6EF7084-8A1D-466A-AA67-426E5B1ED0A9}.Debug|Any CPU.Build.0 = Debug|Any CPU
		{A6EF7084-8A1D-466A-AA67-426E5B1ED0A9}.Debug|x64.ActiveCfg = Debug|x64
		{A6EF7084-8A1D-466A-AA67-426E5B1ED0A9}.Debug|x64.Build.0 = Debug|x64
		{A6EF7084-8A1D-466A-AA67-426E5B1ED0A9}.Release|Any CPU.ActiveCfg = Release|Any CPU
		{A6EF7084-8A1D-466A-AA67-426E5B1ED0A9}.Release|Any CPU.Build.0 = Release|Any CPU
		{A6EF7084-8A1D-466A-AA67-426E5B1ED0A9}.Release|x64.ActiveCfg = Release|x64
		{A6EF7084-8A1D-466A-AA67-426E5B1ED0A9}.Release|x64.Build.0 = Release|x64
		{4CDDC07C-6706-481D-BA79-56C4A623039D}.Debug|Any CPU.ActiveCfg = Debug|Any CPU
		{4CDDC07C-6706-481D-BA79-56C4A623039D}.Debug|Any CPU.Build.0 = Debug|Any CPU
		{4CDDC07C-6706-481D-BA79-56C4A623039D}.Debug|x64.ActiveCfg = Debug|x64
		{4CDDC07C-6706-481D-BA79-56C4A623039D}.Debug|x64.Build.0 = Debug|x64
		{4CDDC07C-6706-481D-BA79-56C4A623039D}.Release|Any CPU.ActiveCfg = Release|Any CPU
		{4CDDC07C-6706-481D-BA79-56C4A623039D}.Release|Any CPU.Build.0 = Release|Any CPU
		{4CDDC07C-6706-481D-BA79-56C4A623039D}.Release|x64.ActiveCfg = Release|x64
		{4CDDC07C-6706-481D-BA79-56C4A623039D}.Release|x64.Build.0 = Release|x64
		{CAAF83ED-D163-46ED-B830-172FA8D549B1}.Debug|Any CPU.ActiveCfg = Debug|Any CPU
		{CAAF83ED-D163-46ED-B830-172FA8D549B1}.Debug|Any CPU.Build.0 = Debug|Any CPU
		{CAAF83ED-D163-46ED-B830-172FA8D549B1}.Debug|x64.ActiveCfg = Debug|x64
		{CAAF83ED-D163-46ED-B830-172FA8D549B1}.Debug|x64.Build.0 = Debug|x64
		{CAAF83ED-D163-46ED-B830-172FA8D549B1}.Release|Any CPU.ActiveCfg = Release|Any CPU
		{CAAF83ED-D163-46ED-B830-172FA8D549B1}.Release|Any CPU.Build.0 = Release|Any CPU
		{CAAF83ED-D163-46ED-B830-172FA8D549B1}.Release|x64.ActiveCfg = Release|x64
		{CAAF83ED-D163-46ED-B830-172FA8D549B1}.Release|x64.Build.0 = Release|x64
		{D68F6F38-235B-4108-8B47-31FECF9C2999}.Debug|Any CPU.ActiveCfg = Debug|Any CPU
		{D68F6F38-235B-4108-8B47-31FECF9C2999}.Debug|Any CPU.Build.0 = Debug|Any CPU
		{D68F6F38-235B-4108-8B47-31FECF9C2999}.Debug|x64.ActiveCfg = Debug|x64
		{D68F6F38-235B-4108-8B47-31FECF9C2999}.Debug|x64.Build.0 = Debug|x64
		{D68F6F38-235B-4108-8B47-31FECF9C2999}.Release|Any CPU.ActiveCfg = Release|Any CPU
		{D68F6F38-235B-4108-8B47-31FECF9C2999}.Release|Any CPU.Build.0 = Release|Any CPU
		{D68F6F38-235B-4108-8B47-31FECF9C2999}.Release|x64.ActiveCfg = Release|x64
		{D68F6F38-235B-4108-8B47-31FECF9C2999}.Release|x64.Build.0 = Release|x64
		{9750ADB3-A389-42B4-8611-10DFA2DC1BDF}.Debug|Any CPU.ActiveCfg = Debug|Any CPU
		{9750ADB3-A389-42B4-8611-10DFA2DC1BDF}.Debug|Any CPU.Build.0 = Debug|Any CPU
		{9750ADB3-A389-42B4-8611-10DFA2DC1BDF}.Debug|x64.ActiveCfg = Debug|x64
		{9750ADB3-A389-42B4-8611-10DFA2DC1BDF}.Debug|x64.Build.0 = Debug|x64
		{9750ADB3-A389-42B4-8611-10DFA2DC1BDF}.Release|Any CPU.ActiveCfg = Release|Any CPU
		{9750ADB3-A389-42B4-8611-10DFA2DC1BDF}.Release|Any CPU.Build.0 = Release|Any CPU
		{9750ADB3-A389-42B4-8611-10DFA2DC1BDF}.Release|x64.ActiveCfg = Release|x64
		{9750ADB3-A389-42B4-8611-10DFA2DC1BDF}.Release|x64.Build.0 = Release|x64
		{ED2559A6-A53A-4CB3-BDC7-83F3F0B199E8}.Debug|Any CPU.ActiveCfg = Debug|Any CPU
		{ED2559A6-A53A-4CB3-BDC7-83F3F0B199E8}.Debug|Any CPU.Build.0 = Debug|Any CPU
		{ED2559A6-A53A-4CB3-BDC7-83F3F0B199E8}.Debug|x64.ActiveCfg = Debug|x64
		{ED2559A6-A53A-4CB3-BDC7-83F3F0B199E8}.Debug|x64.Build.0 = Debug|x64
		{ED2559A6-A53A-4CB3-BDC7-83F3F0B199E8}.Release|Any CPU.ActiveCfg = Release|Any CPU
		{ED2559A6-A53A-4CB3-BDC7-83F3F0B199E8}.Release|Any CPU.Build.0 = Release|Any CPU
		{ED2559A6-A53A-4CB3-BDC7-83F3F0B199E8}.Release|x64.ActiveCfg = Release|x64
		{ED2559A6-A53A-4CB3-BDC7-83F3F0B199E8}.Release|x64.Build.0 = Release|x64
		{3E04A7F0-3954-4129-A5FE-873C8601286C}.Debug|Any CPU.ActiveCfg = Debug|Any CPU
		{3E04A7F0-3954-4129-A5FE-873C8601286C}.Debug|Any CPU.Build.0 = Debug|Any CPU
		{3E04A7F0-3954-4129-A5FE-873C8601286C}.Debug|x64.ActiveCfg = Debug|x64
		{3E04A7F0-3954-4129-A5FE-873C8601286C}.Debug|x64.Build.0 = Debug|x64
		{3E04A7F0-3954-4129-A5FE-873C8601286C}.Release|Any CPU.ActiveCfg = Release|Any CPU
		{3E04A7F0-3954-4129-A5FE-873C8601286C}.Release|Any CPU.Build.0 = Release|Any CPU
		{3E04A7F0-3954-4129-A5FE-873C8601286C}.Release|x64.ActiveCfg = Release|x64
		{3E04A7F0-3954-4129-A5FE-873C8601286C}.Release|x64.Build.0 = Release|x64
		{B895DFA5-817C-4BF1-883E-56866AF31F73}.Debug|Any CPU.ActiveCfg = Debug|Any CPU
		{B895DFA5-817C-4BF1-883E-56866AF31F73}.Debug|Any CPU.Build.0 = Debug|Any CPU
		{B895DFA5-817C-4BF1-883E-56866AF31F73}.Debug|x64.ActiveCfg = Debug|x64
		{B895DFA5-817C-4BF1-883E-56866AF31F73}.Debug|x64.Build.0 = Debug|x64
		{B895DFA5-817C-4BF1-883E-56866AF31F73}.Release|Any CPU.ActiveCfg = Release|Any CPU
		{B895DFA5-817C-4BF1-883E-56866AF31F73}.Release|Any CPU.Build.0 = Release|Any CPU
		{B895DFA5-817C-4BF1-883E-56866AF31F73}.Release|x64.ActiveCfg = Release|x64
		{B895DFA5-817C-4BF1-883E-56866AF31F73}.Release|x64.Build.0 = Release|x64
		{3822E6BE-DE2B-4202-AC47-CD50F47F84FA}.Debug|Any CPU.ActiveCfg = Debug|Any CPU
		{3822E6BE-DE2B-4202-AC47-CD50F47F84FA}.Debug|Any CPU.Build.0 = Debug|Any CPU
		{3822E6BE-DE2B-4202-AC47-CD50F47F84FA}.Debug|x64.ActiveCfg = Debug|x64
		{3822E6BE-DE2B-4202-AC47-CD50F47F84FA}.Debug|x64.Build.0 = Debug|x64
		{3822E6BE-DE2B-4202-AC47-CD50F47F84FA}.Release|Any CPU.ActiveCfg = Release|Any CPU
		{3822E6BE-DE2B-4202-AC47-CD50F47F84FA}.Release|Any CPU.Build.0 = Release|Any CPU
		{3822E6BE-DE2B-4202-AC47-CD50F47F84FA}.Release|x64.ActiveCfg = Release|x64
		{3822E6BE-DE2B-4202-AC47-CD50F47F84FA}.Release|x64.Build.0 = Release|x64
		{D1D098FD-393D-462D-8388-33BB54170212}.Debug|Any CPU.ActiveCfg = Debug|Any CPU
		{D1D098FD-393D-462D-8388-33BB54170212}.Debug|Any CPU.Build.0 = Debug|Any CPU
		{D1D098FD-393D-462D-8388-33BB54170212}.Debug|x64.ActiveCfg = Debug|x64
		{D1D098FD-393D-462D-8388-33BB54170212}.Debug|x64.Build.0 = Debug|x64
		{D1D098FD-393D-462D-8388-33BB54170212}.Release|Any CPU.ActiveCfg = Release|Any CPU
		{D1D098FD-393D-462D-8388-33BB54170212}.Release|Any CPU.Build.0 = Release|Any CPU
		{D1D098FD-393D-462D-8388-33BB54170212}.Release|x64.ActiveCfg = Release|x64
		{D1D098FD-393D-462D-8388-33BB54170212}.Release|x64.Build.0 = Release|x64
		{29FDB72E-6E2A-4CF7-B167-B979A5845345}.Debug|Any CPU.ActiveCfg = Debug|Any CPU
		{29FDB72E-6E2A-4CF7-B167-B979A5845345}.Debug|Any CPU.Build.0 = Debug|Any CPU
		{29FDB72E-6E2A-4CF7-B167-B979A5845345}.Debug|x64.ActiveCfg = Debug|x64
		{29FDB72E-6E2A-4CF7-B167-B979A5845345}.Debug|x64.Build.0 = Debug|x64
		{29FDB72E-6E2A-4CF7-B167-B979A5845345}.Release|Any CPU.ActiveCfg = Release|Any CPU
		{29FDB72E-6E2A-4CF7-B167-B979A5845345}.Release|Any CPU.Build.0 = Release|Any CPU
		{29FDB72E-6E2A-4CF7-B167-B979A5845345}.Release|x64.ActiveCfg = Release|x64
		{29FDB72E-6E2A-4CF7-B167-B979A5845345}.Release|x64.Build.0 = Release|x64
		{A0F0B10D-FD51-4021-B6E7-F8C4B61B7391}.Debug|Any CPU.ActiveCfg = Debug|Any CPU
		{A0F0B10D-FD51-4021-B6E7-F8C4B61B7391}.Debug|Any CPU.Build.0 = Debug|Any CPU
		{A0F0B10D-FD51-4021-B6E7-F8C4B61B7391}.Debug|x64.ActiveCfg = Debug|x64
		{A0F0B10D-FD51-4021-B6E7-F8C4B61B7391}.Debug|x64.Build.0 = Debug|x64
		{A0F0B10D-FD51-4021-B6E7-F8C4B61B7391}.Release|Any CPU.ActiveCfg = Release|Any CPU
		{A0F0B10D-FD51-4021-B6E7-F8C4B61B7391}.Release|Any CPU.Build.0 = Release|Any CPU
		{A0F0B10D-FD51-4021-B6E7-F8C4B61B7391}.Release|x64.ActiveCfg = Release|x64
		{A0F0B10D-FD51-4021-B6E7-F8C4B61B7391}.Release|x64.Build.0 = Release|x64
		{A8F43646-F731-4696-A131-B8D338093C7B}.Debug|Any CPU.ActiveCfg = Debug|Any CPU
		{A8F43646-F731-4696-A131-B8D338093C7B}.Debug|Any CPU.Build.0 = Debug|Any CPU
		{A8F43646-F731-4696-A131-B8D338093C7B}.Debug|x64.ActiveCfg = Debug|x64
		{A8F43646-F731-4696-A131-B8D338093C7B}.Debug|x64.Build.0 = Debug|x64
		{A8F43646-F731-4696-A131-B8D338093C7B}.Release|Any CPU.ActiveCfg = Release|Any CPU
		{A8F43646-F731-4696-A131-B8D338093C7B}.Release|Any CPU.Build.0 = Release|Any CPU
		{A8F43646-F731-4696-A131-B8D338093C7B}.Release|x64.ActiveCfg = Release|x64
		{A8F43646-F731-4696-A131-B8D338093C7B}.Release|x64.Build.0 = Release|x64
		{AFD0F356-5765-44AA-BEC1-240239C877D1}.Debug|Any CPU.ActiveCfg = Debug|Any CPU
		{AFD0F356-5765-44AA-BEC1-240239C877D1}.Debug|Any CPU.Build.0 = Debug|Any CPU
		{AFD0F356-5765-44AA-BEC1-240239C877D1}.Debug|x64.ActiveCfg = Debug|x64
		{AFD0F356-5765-44AA-BEC1-240239C877D1}.Debug|x64.Build.0 = Debug|x64
		{AFD0F356-5765-44AA-BEC1-240239C877D1}.Release|Any CPU.ActiveCfg = Release|Any CPU
		{AFD0F356-5765-44AA-BEC1-240239C877D1}.Release|Any CPU.Build.0 = Release|Any CPU
		{AFD0F356-5765-44AA-BEC1-240239C877D1}.Release|x64.ActiveCfg = Release|x64
		{AFD0F356-5765-44AA-BEC1-240239C877D1}.Release|x64.Build.0 = Release|x64
		{F317320C-B476-453E-9C1F-5788ADFC82EB}.Debug|Any CPU.ActiveCfg = Debug|Any CPU
		{F317320C-B476-453E-9C1F-5788ADFC82EB}.Debug|Any CPU.Build.0 = Debug|Any CPU
		{F317320C-B476-453E-9C1F-5788ADFC82EB}.Debug|x64.ActiveCfg = Debug|x64
		{F317320C-B476-453E-9C1F-5788ADFC82EB}.Debug|x64.Build.0 = Debug|x64
		{F317320C-B476-453E-9C1F-5788ADFC82EB}.Release|Any CPU.ActiveCfg = Release|Any CPU
		{F317320C-B476-453E-9C1F-5788ADFC82EB}.Release|Any CPU.Build.0 = Release|Any CPU
		{F317320C-B476-453E-9C1F-5788ADFC82EB}.Release|x64.ActiveCfg = Release|x64
		{F317320C-B476-453E-9C1F-5788ADFC82EB}.Release|x64.Build.0 = Release|x64
		{B7AFD8CB-F0D8-4AEA-A8BC-A8B38484E2FF}.Debug|Any CPU.ActiveCfg = Debug|Any CPU
		{B7AFD8CB-F0D8-4AEA-A8BC-A8B38484E2FF}.Debug|Any CPU.Build.0 = Debug|Any CPU
		{B7AFD8CB-F0D8-4AEA-A8BC-A8B38484E2FF}.Debug|x64.ActiveCfg = Debug|x64
		{B7AFD8CB-F0D8-4AEA-A8BC-A8B38484E2FF}.Debug|x64.Build.0 = Debug|x64
		{B7AFD8CB-F0D8-4AEA-A8BC-A8B38484E2FF}.Release|Any CPU.ActiveCfg = Release|Any CPU
		{B7AFD8CB-F0D8-4AEA-A8BC-A8B38484E2FF}.Release|Any CPU.Build.0 = Release|Any CPU
		{B7AFD8CB-F0D8-4AEA-A8BC-A8B38484E2FF}.Release|x64.ActiveCfg = Release|x64
		{B7AFD8CB-F0D8-4AEA-A8BC-A8B38484E2FF}.Release|x64.Build.0 = Release|x64
		{5AAAABFE-8492-4FF4-AFA3-8E1F80393528}.Debug|Any CPU.ActiveCfg = Debug|Any CPU
		{5AAAABFE-8492-4FF4-AFA3-8E1F80393528}.Debug|Any CPU.Build.0 = Debug|Any CPU
		{5AAAABFE-8492-4FF4-AFA3-8E1F80393528}.Debug|x64.ActiveCfg = Debug|x64
		{5AAAABFE-8492-4FF4-AFA3-8E1F80393528}.Debug|x64.Build.0 = Debug|x64
		{5AAAABFE-8492-4FF4-AFA3-8E1F80393528}.Release|Any CPU.ActiveCfg = Release|Any CPU
		{5AAAABFE-8492-4FF4-AFA3-8E1F80393528}.Release|Any CPU.Build.0 = Release|Any CPU
		{5AAAABFE-8492-4FF4-AFA3-8E1F80393528}.Release|x64.ActiveCfg = Release|x64
		{5AAAABFE-8492-4FF4-AFA3-8E1F80393528}.Release|x64.Build.0 = Release|x64
		{D76855C6-77CE-4D07-8C28-BB6101B6D785}.Debug|Any CPU.ActiveCfg = Debug|Any CPU
		{D76855C6-77CE-4D07-8C28-BB6101B6D785}.Debug|Any CPU.Build.0 = Debug|Any CPU
		{D76855C6-77CE-4D07-8C28-BB6101B6D785}.Debug|x64.ActiveCfg = Debug|x64
		{D76855C6-77CE-4D07-8C28-BB6101B6D785}.Debug|x64.Build.0 = Debug|x64
		{D76855C6-77CE-4D07-8C28-BB6101B6D785}.Release|Any CPU.ActiveCfg = Release|Any CPU
		{D76855C6-77CE-4D07-8C28-BB6101B6D785}.Release|Any CPU.Build.0 = Release|Any CPU
		{D76855C6-77CE-4D07-8C28-BB6101B6D785}.Release|x64.ActiveCfg = Release|x64
		{D76855C6-77CE-4D07-8C28-BB6101B6D785}.Release|x64.Build.0 = Release|x64
		{A22CDF3E-4B81-49CB-A258-AB4DCDEB52F8}.Debug|Any CPU.ActiveCfg = Debug|Any CPU
		{A22CDF3E-4B81-49CB-A258-AB4DCDEB52F8}.Debug|Any CPU.Build.0 = Debug|Any CPU
		{A22CDF3E-4B81-49CB-A258-AB4DCDEB52F8}.Debug|x64.ActiveCfg = Debug|x64
		{A22CDF3E-4B81-49CB-A258-AB4DCDEB52F8}.Debug|x64.Build.0 = Debug|x64
		{A22CDF3E-4B81-49CB-A258-AB4DCDEB52F8}.Release|Any CPU.ActiveCfg = Release|Any CPU
		{A22CDF3E-4B81-49CB-A258-AB4DCDEB52F8}.Release|Any CPU.Build.0 = Release|Any CPU
		{A22CDF3E-4B81-49CB-A258-AB4DCDEB52F8}.Release|x64.ActiveCfg = Release|x64
		{A22CDF3E-4B81-49CB-A258-AB4DCDEB52F8}.Release|x64.Build.0 = Release|x64
		{3544D0F2-71C1-4D01-B01E-03C1331F5E05}.Debug|Any CPU.ActiveCfg = Debug|Any CPU
		{3544D0F2-71C1-4D01-B01E-03C1331F5E05}.Debug|Any CPU.Build.0 = Debug|Any CPU
		{3544D0F2-71C1-4D01-B01E-03C1331F5E05}.Debug|x64.ActiveCfg = Debug|x64
		{3544D0F2-71C1-4D01-B01E-03C1331F5E05}.Debug|x64.Build.0 = Debug|x64
		{3544D0F2-71C1-4D01-B01E-03C1331F5E05}.Release|Any CPU.ActiveCfg = Release|Any CPU
		{3544D0F2-71C1-4D01-B01E-03C1331F5E05}.Release|Any CPU.Build.0 = Release|Any CPU
		{3544D0F2-71C1-4D01-B01E-03C1331F5E05}.Release|x64.ActiveCfg = Release|x64
		{3544D0F2-71C1-4D01-B01E-03C1331F5E05}.Release|x64.Build.0 = Release|x64
		{EFE66F3A-240D-42DB-965C-70888BB67629}.Debug|Any CPU.ActiveCfg = Debug|Any CPU
		{EFE66F3A-240D-42DB-965C-70888BB67629}.Debug|Any CPU.Build.0 = Debug|Any CPU
		{EFE66F3A-240D-42DB-965C-70888BB67629}.Debug|x64.ActiveCfg = Debug|Any CPU
		{EFE66F3A-240D-42DB-965C-70888BB67629}.Debug|x64.Build.0 = Debug|Any CPU
		{EFE66F3A-240D-42DB-965C-70888BB67629}.Release|Any CPU.ActiveCfg = Release|Any CPU
		{EFE66F3A-240D-42DB-965C-70888BB67629}.Release|Any CPU.Build.0 = Release|Any CPU
		{EFE66F3A-240D-42DB-965C-70888BB67629}.Release|x64.ActiveCfg = Release|Any CPU
		{EFE66F3A-240D-42DB-965C-70888BB67629}.Release|x64.Build.0 = Release|Any CPU
		{6A70FB0A-9F57-494A-BBF6-B02344CDA90D}.Debug|Any CPU.ActiveCfg = Debug|Any CPU
		{6A70FB0A-9F57-494A-BBF6-B02344CDA90D}.Debug|Any CPU.Build.0 = Debug|Any CPU
		{6A70FB0A-9F57-494A-BBF6-B02344CDA90D}.Debug|x64.ActiveCfg = Debug|Any CPU
		{6A70FB0A-9F57-494A-BBF6-B02344CDA90D}.Debug|x64.Build.0 = Debug|Any CPU
		{6A70FB0A-9F57-494A-BBF6-B02344CDA90D}.Release|Any CPU.ActiveCfg = Release|Any CPU
		{6A70FB0A-9F57-494A-BBF6-B02344CDA90D}.Release|Any CPU.Build.0 = Release|Any CPU
		{6A70FB0A-9F57-494A-BBF6-B02344CDA90D}.Release|x64.ActiveCfg = Release|Any CPU
		{6A70FB0A-9F57-494A-BBF6-B02344CDA90D}.Release|x64.Build.0 = Release|Any CPU
		{F9A47760-BBE4-475C-8296-4A58926A0565}.Debug|Any CPU.ActiveCfg = Debug|Any CPU
		{F9A47760-BBE4-475C-8296-4A58926A0565}.Debug|Any CPU.Build.0 = Debug|Any CPU
		{F9A47760-BBE4-475C-8296-4A58926A0565}.Debug|x64.ActiveCfg = Debug|Any CPU
		{F9A47760-BBE4-475C-8296-4A58926A0565}.Debug|x64.Build.0 = Debug|Any CPU
		{F9A47760-BBE4-475C-8296-4A58926A0565}.Release|Any CPU.ActiveCfg = Release|Any CPU
		{F9A47760-BBE4-475C-8296-4A58926A0565}.Release|Any CPU.Build.0 = Release|Any CPU
		{F9A47760-BBE4-475C-8296-4A58926A0565}.Release|x64.ActiveCfg = Release|Any CPU
		{F9A47760-BBE4-475C-8296-4A58926A0565}.Release|x64.Build.0 = Release|Any CPU
		{CBF5848D-51CA-497E-1654-2F1549568805}.Debug|Any CPU.ActiveCfg = Debug|Any CPU
		{CBF5848D-51CA-497E-1654-2F1549568805}.Debug|Any CPU.Build.0 = Debug|Any CPU
		{CBF5848D-51CA-497E-1654-2F1549568805}.Debug|x64.ActiveCfg = Debug|Any CPU
		{CBF5848D-51CA-497E-1654-2F1549568805}.Debug|x64.Build.0 = Debug|Any CPU
		{CBF5848D-51CA-497E-1654-2F1549568805}.Release|Any CPU.ActiveCfg = Release|Any CPU
		{CBF5848D-51CA-497E-1654-2F1549568805}.Release|Any CPU.Build.0 = Release|Any CPU
		{CBF5848D-51CA-497E-1654-2F1549568805}.Release|x64.ActiveCfg = Release|Any CPU
		{CBF5848D-51CA-497E-1654-2F1549568805}.Release|x64.Build.0 = Release|Any CPU
	EndGlobalSection
	GlobalSection(SolutionProperties) = preSolution
		HideSolutionNode = FALSE
	EndGlobalSection
	GlobalSection(NestedProjects) = preSolution
		{C402DEBD-AA33-4BE5-B433-2A79AB353127} = {CB9B59BB-DC16-4904-86D4-B54B34B0582E}
		{DD384E8F-60A8-4B5E-A6C5-16DFCB182E39} = {58B8D20B-EFCE-4360-8FDF-FF835D932C76}
		{E463A148-BF2F-4EB7-B985-8AE02FF366F9} = {58B8D20B-EFCE-4360-8FDF-FF835D932C76}
		{4CDDC07C-6706-481D-BA79-56C4A623039D} = {B2181431-DFC1-43FE-9F79-82AFAD929091}
		{6ABC3CC6-1666-4576-A2B3-CF75CECC4700} = {CB9B59BB-DC16-4904-86D4-B54B34B0582E}
		{CAAF83ED-D163-46ED-B830-172FA8D549B1} = {6ABC3CC6-1666-4576-A2B3-CF75CECC4700}
		{D68F6F38-235B-4108-8B47-31FECF9C2999} = {6ABC3CC6-1666-4576-A2B3-CF75CECC4700}
		{9750ADB3-A389-42B4-8611-10DFA2DC1BDF} = {6ABC3CC6-1666-4576-A2B3-CF75CECC4700}
		{ED2559A6-A53A-4CB3-BDC7-83F3F0B199E8} = {6ABC3CC6-1666-4576-A2B3-CF75CECC4700}
		{3E04A7F0-3954-4129-A5FE-873C8601286C} = {6ABC3CC6-1666-4576-A2B3-CF75CECC4700}
		{B895DFA5-817C-4BF1-883E-56866AF31F73} = {6ABC3CC6-1666-4576-A2B3-CF75CECC4700}
		{3822E6BE-DE2B-4202-AC47-CD50F47F84FA} = {6ABC3CC6-1666-4576-A2B3-CF75CECC4700}
		{D1D098FD-393D-462D-8388-33BB54170212} = {6ABC3CC6-1666-4576-A2B3-CF75CECC4700}
		{29FDB72E-6E2A-4CF7-B167-B979A5845345} = {6ABC3CC6-1666-4576-A2B3-CF75CECC4700}
		{F317320C-B476-453E-9C1F-5788ADFC82EB} = {B2181431-DFC1-43FE-9F79-82AFAD929091}
		{B7AFD8CB-F0D8-4AEA-A8BC-A8B38484E2FF} = {B2181431-DFC1-43FE-9F79-82AFAD929091}
		{5AAAABFE-8492-4FF4-AFA3-8E1F80393528} = {B2181431-DFC1-43FE-9F79-82AFAD929091}
		{A22CDF3E-4B81-49CB-A258-AB4DCDEB52F8} = {BC6244DE-A148-4BD8-8D67-AE92C6CADA60}
		{3544D0F2-71C1-4D01-B01E-03C1331F5E05} = {BC6244DE-A148-4BD8-8D67-AE92C6CADA60}
		{EFE66F3A-240D-42DB-965C-70888BB67629} = {B2181431-DFC1-43FE-9F79-82AFAD929091}
		{F9A47760-BBE4-475C-8296-4A58926A0565} = {BC6244DE-A148-4BD8-8D67-AE92C6CADA60}
	EndGlobalSection
	GlobalSection(ExtensibilityGlobals) = postSolution
		SolutionGuid = {657F2AA5-BF55-41F9-996F-48DDC1FBAA71}
	EndGlobalSection
EndGlobal
